github.com/cihub/seelog v0.0.0-20170130134532-f561c5e57575 h1:kHaBemcxl8o/pQ5VM1c8PVE1PubbNx3mjUr09OqWGCs=
github.com/cihub/seelog v0.0.0-20170130134532-f561c5e57575/go.mod h1:9d6lWj8KzO/fd/NrVaLscBKmPigpZpn5YawRPw+e3Yo=
github.com/go-sql-driver/mysql v1.5.0/go.mod h1:DCzpHaOWr8IXmIStZouvnhqoel9Qv2LBy8hT2VhHyBg=
github.com/muidea/magicBatis v0.0.0-20201027114735-83f74c3ee4be h1:/Bz3OsZyofEq0Xhynbwixc+9iQVZLqnlilb5nY3r64o=
github.com/muidea/magicBatis v0.0.0-20201027114735-83f74c3ee4be/go.mod h1:4vqkqOzpnKKwu+MPF3Hr7JeCrcM3rG9NB8enAbsjHKg=
github.com/muidea/magicCMS v0.0.0-20201028005004-e57068cb3f52 h1:KeMJNnUk2LpCOMuWEPscA5wuqynt8eraSAFnCWRu3iQ=
github.com/muidea/magicCMS v0.0.0-20201028005004-e57068cb3f52/go.mod h1:1G5bEF00TeIsqH8LqOysTVaBRlLxFCj7OhCcUf1H7YQ=
github.com/muidea/magicCas v0.0.0-20201027115201-48eeefb874fb/go.mod h1:1nYXs0kVPTW/LaNziyzb2aFScZN7ZGeUNEHPplans+0=
github.com/muidea/magicCas v0.0.0-20201027134616-4ed739baa780 h1:3pT+NALqw80Us367JvRp5QCojM2NwaePz6ROUwMvMR4=
github.com/muidea/magicCas v0.0.0-20201027134616-4ed739baa780/go.mod h1:1nYXs0kVPTW/LaNziyzb2aFScZN7ZGeUNEHPplans+0=
github.com/muidea/magicCommon v0.0.0-20200620083717-a96894d85cdf/go.mod h1:61sBCad8+6GFUUCk5OnaloJuNPq7u/ISflVh4+Gvyx8=
github.com/muidea/magicCommon v0.0.0-20201026052820-fca593a200fa/go.mod h1:xkP/pDQBgx0Q56Ajd6crE9kOTUaasMmA+WVOZ5sWbCs=
github.com/muidea/magicCommon v0.0.0-20201027133841-b2a64c4e37cf h1:ABqFMsBfEHWYVBdGkkUhR1XIRycVex0Txy4HIe6wzTo=
github.com/muidea/magicCommon v0.0.0-20201027133841-b2a64c4e37cf/go.mod h1:xkP/pDQBgx0Q56Ajd6crE9kOTUaasMmA+WVOZ5sWbCs=
github.com/muidea/magicEngine v0.0.0-20200620092726-660b2483d050 h1:g9a+yblCpyXH/+lwGOemdpIdZeL7XxeNQn2UHMIUAOI=
github.com/muidea/magicEngine v0.0.0-20200620092726-660b2483d050/go.mod h1:pfFI5o05gCTQHrjHxwrhLd4uAAIfaTAGxymsy1fj5YA=
github.com/muidea/magicFile v0.0.0-20201027115200-5696fe92824c/go.mod h1:ynbN8vSfpOQEfXFBWSGwlJO++Xp5gUPpO8n4r5LERcM=
github.com/muidea/magicOrm v0.0.0-20201024050143-8ce856baa423 h1:5frZrZrdFuOW4Z/FKvAbc4de1Qu64PEU7go4mhCywWk=
github.com/muidea/magicOrm v0.0.0-20201024050143-8ce856baa423/go.mod h1:NedpFphDEYahbS/ZLrnYapm/wZAf3Yjbhpbw9n7mv0k=
