github.com/cihub/seelog v0.0.0-20170130134532-f561c5e57575 h1:kHaBemcxl8o/pQ5VM1c8PVE1PubbNx3mjUr09OqWGCs=
github.com/cihub/seelog v0.0.0-20170130134532-f561c5e57575/go.mod h1:9d6lWj8KzO/fd/NrVaLscBKmPigpZpn5YawRPw+e3Yo=
github.com/go-sql-driver/mysql v1.5.0/go.mod h1:DCzpHaOWr8IXmIStZouvnhqoel9Qv2LBy8hT2VhHyBg=
github.com/muidea/magicBatis v0.0.0-20201026053922-7ebe4daf3a9f/go.mod h1:4vqkqOzpnKKwu+MPF3Hr7JeCrcM3rG9NB8enAbsjHKg=
github.com/muidea/magicBatis v0.0.0-20201027114735-83f74c3ee4be h1:/Bz3OsZyofEq0Xhynbwixc+9iQVZLqnlilb5nY3r64o=
github.com/muidea/magicBatis v0.0.0-20201027114735-83f74c3ee4be/go.mod h1:4vqkqOzpnKKwu+MPF3Hr7JeCrcM3rG9NB8enAbsjHKg=
github.com/muidea/magicCMS v0.0.0-20201026132116-e5c3e98203af h1:aU4GfkjzNJh1dHUJnx1thnLs20blXChnOaQvFFL/Qic=
github.com/muidea/magicCMS v0.0.0-20201026132116-e5c3e98203af/go.mod h1:kbFPPsHY3IQGvrtsbetd7TFCMw10QJdkkWzeaHuvZd4=
github.com/muidea/magicCas v0.0.0-20201026122242-0daabd744bee/go.mod h1:0rI1nqEHKZ/e4bbJjq3sdJ3MYM8eFPmOW+/2ySlJkfw=
github.com/muidea/magicCas v0.0.0-20201026124238-65865a7d1635 h1:Pa9iAtWzQaAjOQxgry5AKI647c1QQMN2nbb65pc6Rqw=
github.com/muidea/magicCas v0.0.0-20201026124238-65865a7d1635/go.mod h1:0rI1nqEHKZ/e4bbJjq3sdJ3MYM8eFPmOW+/2ySlJkfw=
github.com/muidea/magicCommon v0.0.0-20200620083717-a96894d85cdf/go.mod h1:61sBCad8+6GFUUCk5OnaloJuNPq7u/ISflVh4+Gvyx8=
github.com/muidea/magicCommon v0.0.0-20201026052820-fca593a200fa h1:/D171Dz4/qVORGbWOGRmGb5FSbYUJ+MsJW07QrgAvMA=
github.com/muidea/magicCommon v0.0.0-20201026052820-fca593a200fa/go.mod h1:xkP/pDQBgx0Q56Ajd6crE9kOTUaasMmA+WVOZ5sWbCs=
github.com/muidea/magicEngine v0.0.0-20200620092726-660b2483d050 h1:g9a+yblCpyXH/+lwGOemdpIdZeL7XxeNQn2UHMIUAOI=
github.com/muidea/magicEngine v0.0.0-20200620092726-660b2483d050/go.mod h1:pfFI5o05gCTQHrjHxwrhLd4uAAIfaTAGxymsy1fj5YA=
github.com/muidea/magicFile v0.0.0-20201026065632-695b45bda11b/go.mod h1:NKTnClNZtM78LqGUbEC3S8k899TQTTqoNWhhwhBsI9E=
github.com/muidea/magicOrm v0.0.0-20201024050143-8ce856baa423 h1:5frZrZrdFuOW4Z/FKvAbc4de1Qu64PEU7go4mhCywWk=
github.com/muidea/magicOrm v0.0.0-20201024050143-8ce856baa423/go.mod h1:NedpFphDEYahbS/ZLrnYapm/wZAf3Yjbhpbw9n7mv0k=
