# This file is autogenerated, do not edit; changes may be undone by the next 'dep ensure'.


[[projects]]
  branch = "master"
  digest = "1:cf1879d19eff5b1bf51cce5af65f78f261b256e62beccbc2be19038c8510d727"
  name = "github.com/muidea/magicBatis"
  packages = [
    "client",
    "def",
  ]
  pruneopts = "UT"
  revision = "d989a06e8c1a9b2842e2b99c6eba7e3ced62bf56"

[[projects]]
  branch = "master"
  digest = "1:a7e4b1c5320549131686dba13db6d614c64ce3f280ad4d4caba6451acfe401c3"
  name = "github.com/muidea/magicCas"
  packages = [
    "client",
    "common",
    "model",
    "toolkit/private",
  ]
  pruneopts = "UT"
  revision = "1466eac20090fc013555b384e93ebb870198546f"

[[projects]]
  branch = "master"
  digest = "1:62f8feef5397f912c6c7154cc0701bbb1f772f8f04849986eecaae7eefc48b3c"
  name = "github.com/muidea/magicCommon"
  packages = [
    "common",
    "def",
    "foundation/cache",
    "foundation/net",
    "foundation/util",
    "session",
  ]
  pruneopts = "UT"
  revision = "aaf7879413e2bd661bb071087eed789234327e0d"

[[projects]]
  branch = "master"
  digest = "1:8ab72bb33551a2692b657dc04d78d627a73a4dcc518a5cdf2ac82599a4f1e5fb"
  name = "github.com/muidea/magicEngine"
  packages = ["."]
  pruneopts = "UT"
  revision = "40d60c08c06b5cc7375d1af53bef20a0b1b5be43"

[[projects]]
  branch = "master"
  digest = "1:7e0c48de550f18199faa80349746fe6a9130794a2cb8ad00eae13a2d4a7cd5a3"
  name = "github.com/muidea/magicOrm"
  packages = [
    "model",
    "provider/helper",
    "provider/remote",
    "util",
  ]
  pruneopts = "UT"
  revision = "eed87e28b12b8a86c30586abd1ff27c40e1971e9"

[[projects]]
  branch = "master"
  digest = "1:d8f6a41f54bfd899c9e5bba03bed13cf965c153d7d8fb37d4242436c6895e05f"
  name = "github.com/muidea/magicUser"
  packages = [
    "client",
    "common",
    "model",
  ]
  pruneopts = "UT"
  revision = "5e44eeb489082abb02cf5aa3ad020543c37f85c0"

[solve-meta]
  analyzer-name = "dep"
  analyzer-version = 1
  input-imports = [
    "github.com/muidea/magicBatis/client",
    "github.com/muidea/magicBatis/def",
    "github.com/muidea/magicCas/client",
    "github.com/muidea/magicCas/common",
    "github.com/muidea/magicCas/model",
    "github.com/muidea/magicCas/toolkit/private",
    "github.com/muidea/magicCommon/common",
    "github.com/muidea/magicCommon/def",
    "github.com/muidea/magicCommon/foundation/net",
    "github.com/muidea/magicCommon/foundation/util",
    "github.com/muidea/magicCommon/session",
    "github.com/muidea/magicEngine",
    "github.com/muidea/magicUser/client",
    "github.com/muidea/magicUser/model",
  ]
  solver-name = "gps-cdcl"
  solver-version = 1
