# This file is autogenerated, do not edit; changes may be undone by the next 'dep ensure'.


[[projects]]
  branch = "master"
  digest = "1:cf1879d19eff5b1bf51cce5af65f78f261b256e62beccbc2be19038c8510d727"
  name = "github.com/muidea/magicBatis"
  packages = [
    "client",
    "def",
  ]
  pruneopts = "UT"
  revision = "ff800a980522fbdc0125b1a33571b71bd568c6a2"

[[projects]]
  branch = "master"
  digest = "1:edfb7c206236d8ec7c107301c7d487479328bd947f8d827b61eb360e575fab04"
  name = "github.com/muidea/magicCMS"
  packages = [
    "client",
    "common",
    "model",
  ]
  pruneopts = "UT"
  revision = "2c634ad326e84883f32b71c9bf4d095b14cfe6b0"

[[projects]]
  branch = "master"
  digest = "1:6daea5e50556d4e7d2239ee498b76e65b20303e95d076475bff0e764ec60e548"
  name = "github.com/muidea/magicCas"
  packages = [
    "client",
    "common",
    "model",
    "toolkit/cas",
    "toolkit/private",
  ]
  pruneopts = "UT"
  revision = "14d5b2cdc5eb535211ce045fce55012c9e9a1444"

[[projects]]
  branch = "master"
  digest = "1:62f8feef5397f912c6c7154cc0701bbb1f772f8f04849986eecaae7eefc48b3c"
  name = "github.com/muidea/magicCommon"
  packages = [
    "common",
    "def",
    "foundation/cache",
    "foundation/net",
    "foundation/util",
    "session",
  ]
  pruneopts = "UT"
  revision = "438d60187ba1d7d454be292dd938a2074ab24aed"

[[projects]]
  branch = "master"
  digest = "1:8ab72bb33551a2692b657dc04d78d627a73a4dcc518a5cdf2ac82599a4f1e5fb"
  name = "github.com/muidea/magicEngine"
  packages = ["."]
  pruneopts = "UT"
  revision = "40d60c08c06b5cc7375d1af53bef20a0b1b5be43"

[[projects]]
  branch = "master"
  digest = "1:7e0c48de550f18199faa80349746fe6a9130794a2cb8ad00eae13a2d4a7cd5a3"
  name = "github.com/muidea/magicOrm"
  packages = [
    "model",
    "provider/helper",
    "provider/remote",
    "util",
  ]
  pruneopts = "UT"
  revision = "bce4b357901c9b563a93e478c0eeac6124dfd8aa"

[solve-meta]
  analyzer-name = "dep"
  analyzer-version = 1
  input-imports = [
    "github.com/muidea/magicBatis/client",
    "github.com/muidea/magicBatis/def",
    "github.com/muidea/magicCMS/client",
    "github.com/muidea/magicCMS/model",
    "github.com/muidea/magicCas/client",
    "github.com/muidea/magicCas/model",
    "github.com/muidea/magicCas/toolkit/cas",
    "github.com/muidea/magicCas/toolkit/private",
    "github.com/muidea/magicCommon/common",
    "github.com/muidea/magicCommon/def",
    "github.com/muidea/magicCommon/foundation/net",
    "github.com/muidea/magicCommon/foundation/util",
    "github.com/muidea/magicCommon/session",
    "github.com/muidea/magicEngine",
  ]
  solver-name = "gps-cdcl"
  solver-version = 1
