# This file is autogenerated, do not edit; changes may be undone by the next 'dep ensure'.


[[projects]]
  branch = "master"
  digest = "1:cf1879d19eff5b1bf51cce5af65f78f261b256e62beccbc2be19038c8510d727"
  name = "github.com/muidea/magicBatis"
  packages = [
    "client",
    "def",
  ]
  pruneopts = "UT"
  revision = "f2e8222a04531128d2c6296af4b6583a32970ba2"

[[projects]]
  branch = "master"
  digest = "1:a7e4b1c5320549131686dba13db6d614c64ce3f280ad4d4caba6451acfe401c3"
  name = "github.com/muidea/magicCas"
  packages = [
    "client",
    "common",
    "model",
    "toolkit/private",
  ]
  pruneopts = "UT"
  revision = "3a36313956fa07a9033afb1f80495f674ed6fddb"

[[projects]]
  branch = "master"
  digest = "1:62f8feef5397f912c6c7154cc0701bbb1f772f8f04849986eecaae7eefc48b3c"
  name = "github.com/muidea/magicCommon"
  packages = [
    "common",
    "def",
    "foundation/cache",
    "foundation/net",
    "foundation/util",
    "session",
  ]
  pruneopts = "UT"
  revision = "52bde78f7e7602cdfbd71577088c7f0d3c7ca89c"

[[projects]]
  branch = "master"
  digest = "1:211591e53dccb8a05628c03a34c09b36080ded1c5b0635e3024a141272e95b8c"
  name = "github.com/muidea/magicEngine"
  packages = ["."]
  pruneopts = "UT"
  revision = "0594a100d7a47e3c5d022764fb1eb0136135fc77"

[[projects]]
  branch = "master"
  digest = "1:7e0c48de550f18199faa80349746fe6a9130794a2cb8ad00eae13a2d4a7cd5a3"
  name = "github.com/muidea/magicOrm"
  packages = [
    "model",
    "provider/helper",
    "provider/remote",
    "util",
  ]
  pruneopts = "UT"
  revision = "0e46145295ea5dcec879afc26e0fb3c8b8efdc60"

[[projects]]
  branch = "master"
  digest = "1:d8f6a41f54bfd899c9e5bba03bed13cf965c153d7d8fb37d4242436c6895e05f"
  name = "github.com/muidea/magicUser"
  packages = [
    "client",
    "common",
    "model",
  ]
  pruneopts = "UT"
  revision = "f0506072f233eaf772752c0b651648f7a4ccb9fb"

[solve-meta]
  analyzer-name = "dep"
  analyzer-version = 1
  input-imports = [
    "github.com/muidea/magicBatis/client",
    "github.com/muidea/magicBatis/def",
    "github.com/muidea/magicCas/client",
    "github.com/muidea/magicCas/common",
    "github.com/muidea/magicCas/model",
    "github.com/muidea/magicCas/toolkit/private",
    "github.com/muidea/magicCommon/common",
    "github.com/muidea/magicCommon/def",
    "github.com/muidea/magicCommon/foundation/net",
    "github.com/muidea/magicCommon/foundation/util",
    "github.com/muidea/magicCommon/session",
    "github.com/muidea/magicEngine",
    "github.com/muidea/magicUser/client",
    "github.com/muidea/magicUser/model",
  ]
  solver-name = "gps-cdcl"
  solver-version = 1
